
Microsoft Visual Studio Solution File, Format Version 12.00
# Visual Studio Version 16
VisualStudioVersion = 16.0.31515.178
MinimumVisualStudioVersion = 10.0.40219.1
Project("{FAE04EC0-301F-11D3-BF4B-00C04F79EFBC}") = "Analiza_czasu", "Analiza_czasu.csproj", "{517C9BAC-4CC7-4A38-BB25-5156FE8086BD}"
EndProject
Global
	GlobalSection(SolutionConfigurationPlatforms) = preSolution
		Debug|Any CPU = Debug|Any CPU
		Release|Any CPU = Release|Any CPU
	EndGlobalSection
	GlobalSection(ProjectConfigurationPlatforms) = postSolution
		{517C9BAC-4CC7-4A38-BB25-5156FE8086BD}.Debug|Any CPU.ActiveCfg = Debug|Any CPU
		{517C9BAC-4CC7-4A38-BB25-5156FE8086BD}.Debug|Any CPU.Build.0 = Debug|Any CPU
		{517C9BAC-4CC7-4A38-BB25-5156FE8086BD}.Release|Any CPU.ActiveCfg = Release|Any CPU
		{517C9BAC-4CC7-4A38-BB25-5156FE8086BD}.Release|Any CPU.Build.0 = Release|Any CPU
	EndGlobalSection
	GlobalSection(SolutionProperties) = preSolution
		HideSolutionNode = FALSE
	EndGlobalSection
	GlobalSection(ExtensibilityGlobals) = postSolution
		SolutionGuid = {79BAF0C8-9CBC-4B64-A1F2-8ACBEC5C5773}
	EndGlobalSection
EndGlobal
